
Microsoft Visual Studio Solution File, Format Version 12.00
# Visual Studio 15
VisualStudioVersion = 15.0.27130.2003
MinimumVisualStudioVersion = 10.0.40219.1
Project("{FAE04EC0-301F-11D3-BF4B-00C04F79EFBC}") = "SocialNetworkConnection", "SocialNetworkConnection\SocialNetworkConnection.csproj", "{07DE8BEF-D893-4D9B-BBB1-C6E09B495C48}"
EndProject
Project("{FAE04EC0-301F-11D3-BF4B-00C04F79EFBC}") = "FacebookConnection", "FacebookConnection\FacebookConnection.csproj", "{435BF8A2-AA2C-41DE-B993-40AEE4B11BCA}"
EndProject
Project("{FAE04EC0-301F-11D3-BF4B-00C04F79EFBC}") = "TwitterConnection", "TwitterConnection\TwitterConnection.csproj", "{4613748F-69FB-4BF1-84A8-FF88F3887A22}"
	ProjectSection(ProjectDependencies) = postProject
		{07DE8BEF-D893-4D9B-BBB1-C6E09B495C48} = {07DE8BEF-D893-4D9B-BBB1-C6E09B495C48}
	EndProjectSection
EndProject
Project("{FAE04EC0-301F-11D3-BF4B-00C04F79EFBC}") = "UnitTestProject", "UnitTestProject\UnitTestProject.csproj", "{649C8806-2F5C-446A-83B2-8CB8F2494DD0}"
EndProject
Project("{FAE04EC0-301F-11D3-BF4B-00C04F79EFBC}") = "WebScrapperView", "View\WebScrapperView.csproj", "{037694BD-F56D-4A38-A980-0AE4C9816B01}"
EndProject
Project("{FAE04EC0-301F-11D3-BF4B-00C04F79EFBC}") = "NaiveBayes", "NaiveBayes\NaiveBayes.csproj", "{A0A89A20-0800-4385-BBEC-AD7AA0FB842A}"
EndProject
Project("{FAE04EC0-301F-11D3-BF4B-00C04F79EFBC}") = "AnalyticDictionary", "AnalyticDictionary\AnalyticDictionary.csproj", "{EBBFD0CB-C589-47FA-B954-4432F1A86D63}"
EndProject
Project("{9A19103F-16F7-4668-BE54-9A1E7A4F7556}") = "Console1", "Console1\Console1.csproj", "{A0817F22-2A7B-48B3-85DC-90430350DA69}"
EndProject
Project("{FAE04EC0-301F-11D3-BF4B-00C04F79EFBC}") = "Analytics", "Analytics\Analytics.csproj", "{AC298FA5-126E-444D-989F-56A84831EDE9}"
EndProject
Project("{FAE04EC0-301F-11D3-BF4B-00C04F79EFBC}") = "Lemmatizer", "Lematization\Lemmatizer.csproj", "{0D587104-16B1-4647-AFCE-FF9CD6F1718D}"
EndProject
Project("{FAE04EC0-301F-11D3-BF4B-00C04F79EFBC}") = "Qualification", "Qualification\Qualification.csproj", "{CF872B16-F506-4C78-8E10-69EECEFBBD7C}"
EndProject
Project("{FAE04EC0-301F-11D3-BF4B-00C04F79EFBC}") = "TextualProcessor", "TextualProcessor\TextualProcessor.csproj", "{C8B42555-E593-4C62-8216-7DBE8FEFF67B}"
EndProject
Project("{FAE04EC0-301F-11D3-BF4B-00C04F79EFBC}") = "Reporte", "Reporte\Reporte.csproj", "{D49F067C-B1CD-404B-AC17-E82623FFA659}"
EndProject
Project("{FAE04EC0-301F-11D3-BF4B-00C04F79EFBC}") = "View2", "View2\View2.csproj", "{A3B8A4CB-C1C3-4898-9A9E-2C1C03167FD1}"
EndProject
Global
	GlobalSection(SolutionConfigurationPlatforms) = preSolution
		Debug|Any CPU = Debug|Any CPU
		Release|Any CPU = Release|Any CPU
	EndGlobalSection
	GlobalSection(ProjectConfigurationPlatforms) = postSolution
		{07DE8BEF-D893-4D9B-BBB1-C6E09B495C48}.Debug|Any CPU.ActiveCfg = Debug|Any CPU
		{07DE8BEF-D893-4D9B-BBB1-C6E09B495C48}.Debug|Any CPU.Build.0 = Debug|Any CPU
		{07DE8BEF-D893-4D9B-BBB1-C6E09B495C48}.Release|Any CPU.ActiveCfg = Release|Any CPU
		{07DE8BEF-D893-4D9B-BBB1-C6E09B495C48}.Release|Any CPU.Build.0 = Release|Any CPU
		{435BF8A2-AA2C-41DE-B993-40AEE4B11BCA}.Debug|Any CPU.ActiveCfg = Debug|Any CPU
		{435BF8A2-AA2C-41DE-B993-40AEE4B11BCA}.Debug|Any CPU.Build.0 = Debug|Any CPU
		{435BF8A2-AA2C-41DE-B993-40AEE4B11BCA}.Release|Any CPU.ActiveCfg = Release|Any CPU
		{435BF8A2-AA2C-41DE-B993-40AEE4B11BCA}.Release|Any CPU.Build.0 = Release|Any CPU
		{4613748F-69FB-4BF1-84A8-FF88F3887A22}.Debug|Any CPU.ActiveCfg = Debug|Any CPU
		{4613748F-69FB-4BF1-84A8-FF88F3887A22}.Debug|Any CPU.Build.0 = Debug|Any CPU
		{4613748F-69FB-4BF1-84A8-FF88F3887A22}.Release|Any CPU.ActiveCfg = Release|Any CPU
		{4613748F-69FB-4BF1-84A8-FF88F3887A22}.Release|Any CPU.Build.0 = Release|Any CPU
		{649C8806-2F5C-446A-83B2-8CB8F2494DD0}.Debug|Any CPU.ActiveCfg = Debug|Any CPU
		{649C8806-2F5C-446A-83B2-8CB8F2494DD0}.Debug|Any CPU.Build.0 = Debug|Any CPU
		{649C8806-2F5C-446A-83B2-8CB8F2494DD0}.Release|Any CPU.ActiveCfg = Release|Any CPU
		{649C8806-2F5C-446A-83B2-8CB8F2494DD0}.Release|Any CPU.Build.0 = Release|Any CPU
		{037694BD-F56D-4A38-A980-0AE4C9816B01}.Debug|Any CPU.ActiveCfg = Debug|Any CPU
		{037694BD-F56D-4A38-A980-0AE4C9816B01}.Debug|Any CPU.Build.0 = Debug|Any CPU
		{037694BD-F56D-4A38-A980-0AE4C9816B01}.Release|Any CPU.ActiveCfg = Release|Any CPU
		{037694BD-F56D-4A38-A980-0AE4C9816B01}.Release|Any CPU.Build.0 = Release|Any CPU
		{A0A89A20-0800-4385-BBEC-AD7AA0FB842A}.Debug|Any CPU.ActiveCfg = Debug|Any CPU
		{A0A89A20-0800-4385-BBEC-AD7AA0FB842A}.Debug|Any CPU.Build.0 = Debug|Any CPU
		{A0A89A20-0800-4385-BBEC-AD7AA0FB842A}.Release|Any CPU.ActiveCfg = Release|Any CPU
		{A0A89A20-0800-4385-BBEC-AD7AA0FB842A}.Release|Any CPU.Build.0 = Release|Any CPU
		{EBBFD0CB-C589-47FA-B954-4432F1A86D63}.Debug|Any CPU.ActiveCfg = Debug|Any CPU
		{EBBFD0CB-C589-47FA-B954-4432F1A86D63}.Debug|Any CPU.Build.0 = Debug|Any CPU
		{EBBFD0CB-C589-47FA-B954-4432F1A86D63}.Release|Any CPU.ActiveCfg = Release|Any CPU
		{EBBFD0CB-C589-47FA-B954-4432F1A86D63}.Release|Any CPU.Build.0 = Release|Any CPU
		{A0817F22-2A7B-48B3-85DC-90430350DA69}.Debug|Any CPU.ActiveCfg = Debug|Any CPU
		{A0817F22-2A7B-48B3-85DC-90430350DA69}.Debug|Any CPU.Build.0 = Debug|Any CPU
		{A0817F22-2A7B-48B3-85DC-90430350DA69}.Release|Any CPU.ActiveCfg = Release|Any CPU
		{A0817F22-2A7B-48B3-85DC-90430350DA69}.Release|Any CPU.Build.0 = Release|Any CPU
		{AC298FA5-126E-444D-989F-56A84831EDE9}.Debug|Any CPU.ActiveCfg = Debug|Any CPU
		{AC298FA5-126E-444D-989F-56A84831EDE9}.Debug|Any CPU.Build.0 = Debug|Any CPU
		{AC298FA5-126E-444D-989F-56A84831EDE9}.Release|Any CPU.ActiveCfg = Release|Any CPU
		{AC298FA5-126E-444D-989F-56A84831EDE9}.Release|Any CPU.Build.0 = Release|Any CPU
		{0D587104-16B1-4647-AFCE-FF9CD6F1718D}.Debug|Any CPU.ActiveCfg = Debug|Any CPU
		{0D587104-16B1-4647-AFCE-FF9CD6F1718D}.Debug|Any CPU.Build.0 = Debug|Any CPU
		{0D587104-16B1-4647-AFCE-FF9CD6F1718D}.Release|Any CPU.ActiveCfg = Release|Any CPU
		{0D587104-16B1-4647-AFCE-FF9CD6F1718D}.Release|Any CPU.Build.0 = Release|Any CPU
		{CF872B16-F506-4C78-8E10-69EECEFBBD7C}.Debug|Any CPU.ActiveCfg = Debug|Any CPU
		{CF872B16-F506-4C78-8E10-69EECEFBBD7C}.Debug|Any CPU.Build.0 = Debug|Any CPU
		{CF872B16-F506-4C78-8E10-69EECEFBBD7C}.Release|Any CPU.ActiveCfg = Release|Any CPU
		{CF872B16-F506-4C78-8E10-69EECEFBBD7C}.Release|Any CPU.Build.0 = Release|Any CPU
		{C8B42555-E593-4C62-8216-7DBE8FEFF67B}.Debug|Any CPU.ActiveCfg = Debug|Any CPU
		{C8B42555-E593-4C62-8216-7DBE8FEFF67B}.Debug|Any CPU.Build.0 = Debug|Any CPU
		{C8B42555-E593-4C62-8216-7DBE8FEFF67B}.Release|Any CPU.ActiveCfg = Release|Any CPU
		{C8B42555-E593-4C62-8216-7DBE8FEFF67B}.Release|Any CPU.Build.0 = Release|Any CPU
		{D49F067C-B1CD-404B-AC17-E82623FFA659}.Debug|Any CPU.ActiveCfg = Debug|Any CPU
		{D49F067C-B1CD-404B-AC17-E82623FFA659}.Debug|Any CPU.Build.0 = Debug|Any CPU
		{D49F067C-B1CD-404B-AC17-E82623FFA659}.Release|Any CPU.ActiveCfg = Release|Any CPU
		{D49F067C-B1CD-404B-AC17-E82623FFA659}.Release|Any CPU.Build.0 = Release|Any CPU
		{A3B8A4CB-C1C3-4898-9A9E-2C1C03167FD1}.Debug|Any CPU.ActiveCfg = Debug|Any CPU
		{A3B8A4CB-C1C3-4898-9A9E-2C1C03167FD1}.Debug|Any CPU.Build.0 = Debug|Any CPU
		{A3B8A4CB-C1C3-4898-9A9E-2C1C03167FD1}.Release|Any CPU.ActiveCfg = Release|Any CPU
		{A3B8A4CB-C1C3-4898-9A9E-2C1C03167FD1}.Release|Any CPU.Build.0 = Release|Any CPU
	EndGlobalSection
	GlobalSection(SolutionProperties) = preSolution
		HideSolutionNode = FALSE
	EndGlobalSection
	GlobalSection(ExtensibilityGlobals) = postSolution
		SolutionGuid = {4CA7A097-12A8-4787-9E18-B8C86BB91A39}
	EndGlobalSection
EndGlobal
